// !$*UTF8*$!
{
	archiveVersion = 1;
	classes = {
	};
	objectVersion = 77;
	objects = {

/* Begin PBXContainerItemProxy section */
		D09CED3A2FCC99200017A5DA /* PBXContainerItemProxy */ = {
			isa = PBXContainerItemProxy;
			containerPortal = D09CED222FCC991A0017A5DA /* Project object */;
			proxyType = 1;
			remoteGlobalIDString = D09CED292FCC991A0017A5DA;
			remoteInfo = MLTerminalSnippets;
		};
		D09CED442FCC99200017A5DA /* PBXContainerItemProxy */ = {
			isa = PBXContainerItemProxy;
			containerPortal = D09CED222FCC991A0017A5DA /* Project object */;
			proxyType = 1;
			remoteGlobalIDString = D09CED292FCC991A0017A5DA;
			remoteInfo = MLTerminalSnippets;
		};
/* End PBXContainerItemProxy section */

/* Begin PBXFileReference section */
		D09CED2A2FCC991A0017A5DA /* MLTerminalSnippets.app */ = {isa = PBXFileReference; explicitFileType = wrapper.application; includeInIndex = 0; path = MLTerminalSnippets.app; sourceTree = BUILT_PRODUCTS_DIR; };
		D09CED392FCC99200017A5DA /* MLTerminalSnippetsTests.xctest */ = {isa = PBXFileReference; explicitFileType = wrapper.cfbundle; includeInIndex = 0; path = MLTerminalSnippetsTests.xctest; sourceTree = BUILT_PRODUCTS_DIR; };
		D09CED432FCC99200017A5DA /* MLTerminalSnippetsUITests.xctest */ = {isa = PBXFileReference; explicitFileType = wrapper.cfbundle; includeInIndex = 0; path = MLTerminalSnippetsUITests.xctest; sourceTree = BUILT_PRODUCTS_DIR; };
/* End PBXFileReference section */

/* Begin PBXFileSystemSynchronizedRootGroup section */
		D09CED2C2FCC991A0017A5DA /* MLTerminalSnippets */ = {
			isa = PBXFileSystemSynchronizedRootGroup;
			path = MLTerminalSnippets;
			sourceTree = "<group>";
		};
		D09CED3C2FCC99200017A5DA /* MLTerminalSnippetsTests */ = {
			isa = PBXFileSystemSynchronizedRootGroup;
			path = MLTerminalSnippetsTests;
			sourceTree = "<group>";
		};
		D09CED462FCC99200017A5DA /* MLTerminalSnippetsUITests */ = {
			isa = PBXFileSystemSynchronizedRootGroup;
			path = MLTerminalSnippetsUITests;
			sourceTree = "<group>";
		};
/* End PBXFileSystemSynchronizedRootGroup section */

/* Begin PBXFrameworksBuildPhase section */
		D09CED272FCC991A0017A5DA /* Frameworks */ = {
			isa = PBXFrameworksBuildPhase;
			buildActionMask = 2147483647;
			files = (
			);
			runOnlyForDeploymentPostprocessing = 0;
		};
		D09CED362FCC99200017A5DA /* Frameworks */ = {
			isa = PBXFrameworksBuildPhase;
			buildActionMask = 2147483647;
			files = (
			);
			runOnlyForDeploymentPostprocessing = 0;
		};
		D09CED402FCC99200017A5DA /* Frameworks */ = {
			isa = PBXFrameworksBuildPhase;
			buildActionMask = 2147483647;
			files = (
			);
			runOnlyForDeploymentPostprocessing = 0;
		};
/* End PBXFrameworksBuildPhase section */

/* Begin PBXGroup section */
		D09CED212FCC991A0017A5DA = {
			isa = PBXGroup;
			children = (
				D09CED2C2FCC991A0017A5DA /* MLTerminalSnippets */,
				D09CED3C2FCC99200017A5DA /* MLTerminalSnippetsTests */,
				D09CED462FCC99200017A5DA /* MLTerminalSnippetsUITests */,
				D09CED2B2FCC991A0017A5DA /* Products */,
			);
			sourceTree = "<group>";
		};
		D09CED2B2FCC991A0017A5DA /* Products */ = {
			isa = PBXGroup;
			children = (
				D09CED2A2FCC991A0017A5DA /* MLTerminalSnippets.app */,
				D09CED392FCC99200017A5DA /* MLTerminalSnippetsTests.xctest */,
				D09CED432FCC99200017A5DA /* MLTerminalSnippetsUITests.xctest */,
			);
			name = Products;
			sourceTree = "<group>";
		};
/* End PBXGroup section */

/* Begin PBXNativeTarget section */
		D09CED292FCC991A0017A5DA /* MLTerminalSnippets */ = {
			isa = PBXNativeTarget;
			buildConfigurationList = D09CED4D2FCC99210017A5DA /* Build configuration list for PBXNativeTarget "MLTerminalSnippets" */;
			buildPhases = (
				D09CED262FCC991A0017A5DA /* Sources */,
				D09CED272FCC991A0017A5DA /* Frameworks */,
				D09CED282FCC991A0017A5DA /* Resources */,
			);
			buildRules = (
			);
			dependencies = (
			);
			fileSystemSynchronizedGroups = (
				D09CED2C2FCC991A0017A5DA /* MLTerminalSnippets */,
			);
			name = MLTerminalSnippets;
			packageProductDependencies = (
			);
			productName = MLTerminalSnippets;
			productReference = D09CED2A2FCC991A0017A5DA /* MLTerminalSnippets.app */;
			productType = "com.apple.product-type.application";
		};
		D09CED382FCC99200017A5DA /* MLTerminalSnippetsTests */ = {
			isa = PBXNativeTarget;
			buildConfigurationList = D09CED502FCC99210017A5DA /* Build configuration list for PBXNativeTarget "MLTerminalSnippetsTests" */;
			buildPhases = (
				D09CED352FCC99200017A5DA /* Sources */,
				D09CED362FCC99200017A5DA /* Frameworks */,
				D09CED372FCC99200017A5DA /* Resources */,
			);
			buildRules = (
			);
			dependencies = (
				D09CED3B2FCC99200017A5DA /* PBXTargetDependency */,
			);
			fileSystemSynchronizedGroups = (
				D09CED3C2FCC99200017A5DA /* MLTerminalSnippetsTests */,
			);
			name = MLTerminalSnippetsTests;
			packageProductDependencies = (
			);
			productName = MLTerminalSnippetsTests;
			productReference = D09CED392FCC99200017A5DA /* MLTerminalSnippetsTests.xctest */;
			productType = "com.apple.product-type.bundle.unit-test";
		};
		D09CED422FCC99200017A5DA /* MLTerminalSnippetsUITests */ = {
			isa = PBXNativeTarget;
			buildConfigurationList = D09CED532FCC99210017A5DA /* Build configuration list for PBXNativeTarget "MLTerminalSnippetsUITests" */;
			buildPhases = (
				D09CED3F2FCC99200017A5DA /* Sources */,
				D09CED402FCC99200017A5DA /* Frameworks */,
				D09CED412FCC99200017A5DA /* Resources */,
			);
			buildRules = (
			);
			dependencies = (
				D09CED452FCC99200017A5DA /* PBXTargetDependency */,
			);
			fileSystemSynchronizedGroups = (
				D09CED462FCC99200017A5DA /* MLTerminalSnippetsUITests */,
			);
			name = MLTerminalSnippetsUITests;
			packageProductDependencies = (
			);
			productName = MLTerminalSnippetsUITests;
			productReference = D09CED432FCC99200017A5DA /* MLTerminalSnippetsUITests.xctest */;
			productType = "com.apple.product-type.bundle.ui-testing";
		};
/* End PBXNativeTarget section */

/* Begin PBXProject section */
		D09CED222FCC991A0017A5DA /* Project object */ = {
			isa = PBXProject;
			attributes = {
				BuildIndependentTargetsInParallel = 1;
				LastSwiftUpdateCheck = 2630;
				LastUpgradeCheck = 2630;
				TargetAttributes = {
					D09CED292FCC991A0017A5DA = {
						CreatedOnToolsVersion = 26.3;
					};
					D09CED382FCC99200017A5DA = {
						CreatedOnToolsVersion = 26.3;
						TestTargetID = D09CED292FCC991A0017A5DA;
					};
					D09CED422FCC99200017A5DA = {
						CreatedOnToolsVersion = 26.3;
						TestTargetID = D09CED292FCC991A0017A5DA;
					};
				};
			};
			buildConfigurationList = D09CED252FCC991A0017A5DA /* Build configuration list for PBXProject "MLTerminalSnippets" */;
			developmentRegion = en;
			hasScannedForEncodings = 0;
			knownRegions = (
				en,
				Base,
			);
			mainGroup = D09CED212FCC991A0017A5DA;
			minimizedProjectReferenceProxies = 1;
			preferredProjectObjectVersion = 77;
			productRefGroup = D09CED2B2FCC991A0017A5DA /* Products */;
			projectDirPath = "";
			projectRoot = "";
			targets = (
				D09CED292FCC991A0017A5DA /* MLTerminalSnippets */,
				D09CED382FCC99200017A5DA /* MLTerminalSnippetsTests */,
				D09CED422FCC99200017A5DA /* MLTerminalSnippetsUITests */,
			);
		};
/* End PBXProject section */

/* Begin PBXResourcesBuildPhase section */
		D09CED282FCC991A0017A5DA /* Resources */ = {
			isa = PBXResourcesBuildPhase;
			buildActionMask = 2147483647;
			files = (
			);
			runOnlyForDeploymentPostprocessing = 0;
		};
		D09CED372FCC99200017A5DA /* Resources */ = {
			isa = PBXResourcesBuildPhase;
			buildActionMask = 2147483647;
			files = (
			);
			runOnlyForDeploymentPostprocessing = 0;
		};
		D09CED412FCC99200017A5DA /* Resources */ = {
			isa = PBXResourcesBuildPhase;
			buildActionMask = 2147483647;
			files = (
			);
			runOnlyForDeploymentPostprocessing = 0;
		};
/* End PBXResourcesBuildPhase section */

/* Begin PBXSourcesBuildPhase section */
		D09CED262FCC991A0017A5DA /* Sources */ = {
			isa = PBXSourcesBuildPhase;
			buildActionMask = 2147483647;
			files = (
			);
			runOnlyForDeploymentPostprocessing = 0;
		};
		D09CED352FCC99200017A5DA /* Sources */ = {
			isa = PBXSourcesBuildPhase;
			buildActionMask = 2147483647;
			files = (
			);
			runOnlyForDeploymentPostprocessing = 0;
		};
		D09CED3F2FCC99200017A5DA /* Sources */ = {
			isa = PBXSourcesBuildPhase;
			buildActionMask = 2147483647;
			files = (
			);
			runOnlyForDeploymentPostprocessing = 0;
		};
/* End PBXSourcesBuildPhase section */

/* Begin PBXTargetDependency section */
		D09CED3B2FCC99200017A5DA /* PBXTargetDependency */ = {
			isa = PBXTargetDependency;
			target = D09CED292FCC991A0017A5DA /* MLTerminalSnippets */;
			targetProxy = D09CED3A2FCC99200017A5DA /* PBXContainerItemProxy */;
		};
		D09CED452FCC99200017A5DA /* PBXTargetDependency */ = {
			isa = PBXTargetDependency;
			target = D09CED292FCC991A0017A5DA /* MLTerminalSnippets */;
			targetProxy = D09CED442FCC99200017A5DA /* PBXContainerItemProxy */;
		};
/* End PBXTargetDependency section */

/* Begin XCBuildConfiguration section */
		D09CED4B2FCC99210017A5DA /* Debug */ = {
			isa = XCBuildConfiguration;
			buildSettings = {
				ALWAYS_SEARCH_USER_PATHS = NO;
				ASSETCATALOG_COMPILER_GENERATE_SWIFT_ASSET_SYMBOL_EXTENSIONS = YES;
				CLANG_ANALYZER_NONNULL = YES;
				CLANG_ANALYZER_NUMBER_OBJECT_CONVERSION = YES_AGGRESSIVE;
				CLANG_CXX_LANGUAGE_STANDARD = "gnu++20";
				CLANG_ENABLE_MODULES = YES;
				CLANG_ENABLE_OBJC_ARC = YES;
				CLANG_ENABLE_OBJC_WEAK = YES;
				CLANG_WARN_BLOCK_CAPTURE_AUTORELEASING = YES;
				CLANG_WARN_BOOL_CONVERSION = YES;
				CLANG_WARN_COMMA = YES;
				CLANG_WARN_CONSTANT_CONVERSION = YES;
				CLANG_WARN_DEPRECATED_OBJC_IMPLEMENTATIONS = YES;
				CLANG_WARN_DIRECT_OBJC_ISA_USAGE = YES_ERROR;
				CLANG_WARN_DOCUMENTATION_COMMENTS = YES;
				CLANG_WARN_EMPTY_BODY = YES;
				CLANG_WARN_ENUM_CONVERSION = YES;
				CLANG_WARN_INFINITE_RECURSION = YES;
				CLANG_WARN_INT_CONVERSION = YES;
				CLANG_WARN_NON_LITERAL_NULL_CONVERSION = YES;
				CLANG_WARN_OBJC_IMPLICIT_RETAIN_SELF = YES;
				CLANG_WARN_OBJC_LITERAL_CONVERSION = YES;
				CLANG_WARN_OBJC_ROOT_CLASS = YES_ERROR;
				CLANG_WARN_QUOTED_INCLUDE_IN_FRAMEWORK_HEADER = YES;
				CLANG_WARN_RANGE_LOOP_ANALYSIS = YES;
				CLANG_WARN_STRICT_PROTOTYPES = YES;
				CLANG_WARN_SUSPICIOUS_MOVE = YES;
				CLANG_WARN_UNGUARDED_AVAILABILITY = YES_AGGRESSIVE;
				CLANG_WARN_UNREACHABLE_CODE = YES;
				CLANG_WARN__DUPLICATE_METHOD_MATCH = YES;
				COPY_PHASE_STRIP = NO;
				DEBUG_INFORMATION_FORMAT = dwarf;
				DEVELOPMENT_TEAM = 25RYDD756Z;
				ENABLE_STRICT_OBJC_MSGSEND = YES;
				ENABLE_TESTABILITY = YES;
				ENABLE_USER_SCRIPT_SANDBOXING = YES;
				GCC_C_LANGUAGE_STANDARD = gnu17;
				GCC_DYNAMIC_NO_PIC = NO;
				GCC_NO_COMMON_BLOCKS = YES;
				GCC_OPTIMIZATION_LEVEL = 0;
				GCC_PREPROCESSOR_DEFINITIONS = (
					"DEBUG=1",
					"$(inherited)",
				);
				GCC_WARN_64_TO_32_BIT_CONVERSION = YES;
				GCC_WARN_ABOUT_RETURN_TYPE = YES_ERROR;
				GCC_WARN_UNDECLARED_SELECTOR = YES;
				GCC_WARN_UNINITIALIZED_AUTOS = YES_AGGRESSIVE;
				GCC_WARN_UNUSED_FUNCTION = YES;
				GCC_WARN_UNUSED_VARIABLE = YES;
				LOCALIZATION_PREFERS_STRING_CATALOGS = YES;
				MACOSX_DEPLOYMENT_TARGET = 15.7;
				MTL_ENABLE_DEBUG_INFO = INCLUDE_SOURCE;
				MTL_FAST_MATH = YES;
				ONLY_ACTIVE_ARCH = YES;
				SDKROOT = macosx;
				SWIFT_ACTIVE_COMPILATION_CONDITIONS = "DEBUG $(inherited)";
				SWIFT_OPTIMIZATION_LEVEL = "-Onone";
			};
			name = Debug;
		};
		D09CED4C2FCC99210017A5DA /* Release */ = {
			isa = XCBuildConfiguration;
			buildSettings = {
				ALWAYS_SEARCH_USER_PATHS = NO;
				ASSETCATALOG_COMPILER_GENERATE_SWIFT_ASSET_SYMBOL_EXTENSIONS = YES;
				CLANG_ANALYZER_NONNULL = YES;
				CLANG_ANALYZER_NUMBER_OBJECT_CONVERSION = YES_AGGRESSIVE;
				CLANG_CXX_LANGUAGE_STANDARD = "gnu++20";
				CLANG_ENABLE_MODULES = YES;
				CLANG_ENABLE_OBJC_ARC = YES;
				CLANG_ENABLE_OBJC_WEAK = YES;
				CLANG_WARN_BLOCK_CAPTURE_AUTORELEASING = YES;
				CLANG_WARN_BOOL_CONVERSION = YES;
				CLANG_WARN_COMMA = YES;
				CLANG_WARN_CONSTANT_CONVERSION = YES;
				CLANG_WARN_DEPRECATED_OBJC_IMPLEMENTATIONS = YES;
				CLANG_WARN_DIRECT_OBJC_ISA_USAGE = YES_ERROR;
				CLANG_WARN_DOCUMENTATION_COMMENTS = YES;
				CLANG_WARN_EMPTY_BODY = YES;
				CLANG_WARN_ENUM_CONVERSION = YES;
				CLANG_WARN_INFINITE_RECURSION = YES;
				CLANG_WARN_INT_CONVERSION = YES;
				CLANG_WARN_NON_LITERAL_NULL_CONVERSION = YES;
				CLANG_WARN_OBJC_IMPLICIT_RETAIN_SELF = YES;
				CLANG_WARN_OBJC_LITERAL_CONVERSION = YES;
				CLANG_WARN_OBJC_ROOT_CLASS = YES_ERROR;
				CLANG_WARN_QUOTED_INCLUDE_IN_FRAMEWORK_HEADER = YES;
				CLANG_WARN_RANGE_LOOP_ANALYSIS = YES;
				CLANG_WARN_STRICT_PROTOTYPES = YES;
				CLANG_WARN_SUSPICIOUS_MOVE = YES;
				CLANG_WARN_UNGUARDED_AVAILABILITY = YES_AGGRESSIVE;
				CLANG_WARN_UNREACHABLE_CODE = YES;
				CLANG_WARN__DUPLICATE_METHOD_MATCH = YES;
				COPY_PHASE_STRIP = NO;
				DEBUG_INFORMATION_FORMAT = "dwarf-with-dsym";
				DEVELOPMENT_TEAM = 25RYDD756Z;
				ENABLE_NS_ASSERTIONS = NO;
				ENABLE_STRICT_OBJC_MSGSEND = YES;
				ENABLE_USER_SCRIPT_SANDBOXING = YES;
				GCC_C_LANGUAGE_STANDARD = gnu17;
				GCC_NO_COMMON_BLOCKS = YES;
				GCC_WARN_64_TO_32_BIT_CONVERSION = YES;
				GCC_WARN_ABOUT_RETURN_TYPE = YES_ERROR;
				GCC_WARN_UNDECLARED_SELECTOR = YES;
				GCC_WARN_UNINITIALIZED_AUTOS = YES_AGGRESSIVE;
				GCC_WARN_UNUSED_FUNCTION = YES;
				GCC_WARN_UNUSED_VARIABLE = YES;
				LOCALIZATION_PREFERS_STRING_CATALOGS = YES;
				MACOSX_DEPLOYMENT_TARGET = 15.7;
				MTL_ENABLE_DEBUG_INFO = NO;
				MTL_FAST_MATH = YES;
				SDKROOT = macosx;
				SWIFT_COMPILATION_MODE = wholemodule;
			};
			name = Release;
		};
		D09CED4E2FCC99210017A5DA /* Debug */ = {
			isa = XCBuildConfiguration;
			buildSettings = {
				ASSETCATALOG_COMPILER_APPICON_NAME = AppIcon;
				ASSETCATALOG_COMPILER_GLOBAL_ACCENT_COLOR_NAME = AccentColor;
				CODE_SIGN_ENTITLEMENTS = MLTerminalSnippets/MLTerminalSnippets.entitlements;
				CODE_SIGN_STYLE = Automatic;
				COMBINE_HIDPI_IMAGES = YES;
				CURRENT_PROJECT_VERSION = 1;
				DEVELOPMENT_TEAM = 25RYDD756Z;
				ENABLE_APP_SANDBOX = YES;
				ENABLE_HARDENED_RUNTIME = YES;
				ENABLE_PREVIEWS = YES;
				ENABLE_USER_SELECTED_FILES = readwrite;
				GENERATE_INFOPLIST_FILE = YES;
				INFOPLIST_KEY_NSAppleEventsUsageDescription = "MLTerminalSnippets abre o Terminal.app para executar comandos SSH salvos.";
				INFOPLIST_KEY_NSHumanReadableCopyright = "";
				LD_RUNPATH_SEARCH_PATHS = (
					"$(inherited)",
					"@executable_path/../Frameworks",
				);
				MARKETING_VERSION = 1.0;
				PRODUCT_BUNDLE_IDENTIFIER = me.micheltlutz.MLTerminalSnippets;
				PRODUCT_NAME = "$(TARGET_NAME)";
				REGISTER_APP_GROUPS = YES;
				STRING_CATALOG_GENERATE_SYMBOLS = YES;
				SWIFT_APPROACHABLE_CONCURRENCY = YES;
				SWIFT_DEFAULT_ACTOR_ISOLATION = MainActor;
				SWIFT_EMIT_LOC_STRINGS = YES;
				SWIFT_UPCOMING_FEATURE_MEMBER_IMPORT_VISIBILITY = YES;
				SWIFT_VERSION = 6.0;
			};
			name = Debug;
		};
		D09CED4F2FCC99210017A5DA /* Release */ = {
			isa = XCBuildConfiguration;
			buildSettings = {
				ASSETCATALOG_COMPILER_APPICON_NAME = AppIcon;
				ASSETCATALOG_COMPILER_GLOBAL_ACCENT_COLOR_NAME = AccentColor;
				CODE_SIGN_ENTITLEMENTS = MLTerminalSnippets/MLTerminalSnippets.entitlements;
				CODE_SIGN_STYLE = Automatic;
				COMBINE_HIDPI_IMAGES = YES;
				CURRENT_PROJECT_VERSION = 1;
				DEVELOPMENT_TEAM = 25RYDD756Z;
				ENABLE_APP_SANDBOX = YES;
				ENABLE_HARDENED_RUNTIME = YES;
				ENABLE_PREVIEWS = YES;
				ENABLE_USER_SELECTED_FILES = readwrite;
				GENERATE_INFOPLIST_FILE = YES;
				INFOPLIST_KEY_NSAppleEventsUsageDescription = "MLTerminalSnippets abre o Terminal.app para executar comandos SSH salvos.";
				INFOPLIST_KEY_NSHumanReadableCopyright = "";
				LD_RUNPATH_SEARCH_PATHS = (
					"$(inherited)",
					"@executable_path/../Frameworks",
				);
				MARKETING_VERSION = 1.0;
				PRODUCT_BUNDLE_IDENTIFIER = me.micheltlutz.MLTerminalSnippets;
				PRODUCT_NAME = "$(TARGET_NAME)";
				REGISTER_APP_GROUPS = YES;
				STRING_CATALOG_GENERATE_SYMBOLS = YES;
				SWIFT_APPROACHABLE_CONCURRENCY = YES;
				SWIFT_DEFAULT_ACTOR_ISOLATION = MainActor;
				SWIFT_EMIT_LOC_STRINGS = YES;
				SWIFT_UPCOMING_FEATURE_MEMBER_IMPORT_VISIBILITY = YES;
				SWIFT_VERSION = 6.0;
			};
			name = Release;
		};
		D09CED512FCC99210017A5DA /* Debug */ = {
			isa = XCBuildConfiguration;
			buildSettings = {
				BUNDLE_LOADER = "$(TEST_HOST)";
				CODE_SIGN_STYLE = Automatic;
				CURRENT_PROJECT_VERSION = 1;
				DEVELOPMENT_TEAM = 25RYDD756Z;
				GENERATE_INFOPLIST_FILE = YES;
				MACOSX_DEPLOYMENT_TARGET = 15.7;
				MARKETING_VERSION = 1.0;
				PRODUCT_BUNDLE_IDENTIFIER = me.micheltlutz.MLTerminalSnippetsTests;
				PRODUCT_NAME = "$(TARGET_NAME)";
				STRING_CATALOG_GENERATE_SYMBOLS = NO;
				SWIFT_APPROACHABLE_CONCURRENCY = YES;
				SWIFT_EMIT_LOC_STRINGS = NO;
				SWIFT_UPCOMING_FEATURE_MEMBER_IMPORT_VISIBILITY = YES;
				SWIFT_VERSION = 5.0;
				TEST_HOST = "$(BUILT_PRODUCTS_DIR)/MLTerminalSnippets.app/$(BUNDLE_EXECUTABLE_FOLDER_PATH)/MLTerminalSnippets";
			};
			name = Debug;
		};
		D09CED522FCC99210017A5DA /* Release */ = {
			isa = XCBuildConfiguration;
			buildSettings = {
				BUNDLE_LOADER = "$(TEST_HOST)";
				CODE_SIGN_STYLE = Automatic;
				CURRENT_PROJECT_VERSION = 1;
				DEVELOPMENT_TEAM = 25RYDD756Z;
				GENERATE_INFOPLIST_FILE = YES;
				MACOSX_DEPLOYMENT_TARGET = 15.7;
				MARKETING_VERSION = 1.0;
				PRODUCT_BUNDLE_IDENTIFIER = me.micheltlutz.MLTerminalSnippetsTests;
				PRODUCT_NAME = "$(TARGET_NAME)";
				STRING_CATALOG_GENERATE_SYMBOLS = NO;
				SWIFT_APPROACHABLE_CONCURRENCY = YES;
				SWIFT_EMIT_LOC_STRINGS = NO;
				SWIFT_UPCOMING_FEATURE_MEMBER_IMPORT_VISIBILITY = YES;
				SWIFT_VERSION = 5.0;
				TEST_HOST = "$(BUILT_PRODUCTS_DIR)/MLTerminalSnippets.app/$(BUNDLE_EXECUTABLE_FOLDER_PATH)/MLTerminalSnippets";
			};
			name = Release;
		};
		D09CED542FCC99210017A5DA /* Debug */ = {
			isa = XCBuildConfiguration;
			buildSettings = {
				CODE_SIGN_STYLE = Automatic;
				CURRENT_PROJECT_VERSION = 1;
				DEVELOPMENT_TEAM = 25RYDD756Z;
				GENERATE_INFOPLIST_FILE = YES;
				MARKETING_VERSION = 1.0;
				PRODUCT_BUNDLE_IDENTIFIER = me.micheltlutz.MLTerminalSnippetsUITests;
				PRODUCT_NAME = "$(TARGET_NAME)";
				STRING_CATALOG_GENERATE_SYMBOLS = NO;
				SWIFT_APPROACHABLE_CONCURRENCY = YES;
				SWIFT_EMIT_LOC_STRINGS = NO;
				SWIFT_UPCOMING_FEATURE_MEMBER_IMPORT_VISIBILITY = YES;
				SWIFT_VERSION = 5.0;
				TEST_TARGET_NAME = MLTerminalSnippets;
			};
			name = Debug;
		};
		D09CED552FCC99210017A5DA /* Release */ = {
			isa = XCBuildConfiguration;
			buildSettings = {
				CODE_SIGN_STYLE = Automatic;
				CURRENT_PROJECT_VERSION = 1;
				DEVELOPMENT_TEAM = 25RYDD756Z;
				GENERATE_INFOPLIST_FILE = YES;
				MARKETING_VERSION = 1.0;
				PRODUCT_BUNDLE_IDENTIFIER = me.micheltlutz.MLTerminalSnippetsUITests;
				PRODUCT_NAME = "$(TARGET_NAME)";
				STRING_CATALOG_GENERATE_SYMBOLS = NO;
				SWIFT_APPROACHABLE_CONCURRENCY = YES;
				SWIFT_EMIT_LOC_STRINGS = NO;
				SWIFT_UPCOMING_FEATURE_MEMBER_IMPORT_VISIBILITY = YES;
				SWIFT_VERSION = 5.0;
				TEST_TARGET_NAME = MLTerminalSnippets;
			};
			name = Release;
		};
/* End XCBuildConfiguration section */

/* Begin XCConfigurationList section */
		D09CED252FCC991A0017A5DA /* Build configuration list for PBXProject "MLTerminalSnippets" */ = {
			isa = XCConfigurationList;
			buildConfigurations = (
				D09CED4B2FCC99210017A5DA /* Debug */,
				D09CED4C2FCC99210017A5DA /* Release */,
			);
			defaultConfigurationIsVisible = 0;
			defaultConfigurationName = Release;
		};
		D09CED4D2FCC99210017A5DA /* Build configuration list for PBXNativeTarget "MLTerminalSnippets" */ = {
			isa = XCConfigurationList;
			buildConfigurations = (
				D09CED4E2FCC99210017A5DA /* Debug */,
				D09CED4F2FCC99210017A5DA /* Release */,
			);
			defaultConfigurationIsVisible = 0;
			defaultConfigurationName = Release;
		};
		D09CED502FCC99210017A5DA /* Build configuration list for PBXNativeTarget "MLTerminalSnippetsTests" */ = {
			isa = XCConfigurationList;
			buildConfigurations = (
				D09CED512FCC99210017A5DA /* Debug */,
				D09CED522FCC99210017A5DA /* Release */,
			);
			defaultConfigurationIsVisible = 0;
			defaultConfigurationName = Release;
		};
		D09CED532FCC99210017A5DA /* Build configuration list for PBXNativeTarget "MLTerminalSnippetsUITests" */ = {
			isa = XCConfigurationList;
			buildConfigurations = (
				D09CED542FCC99210017A5DA /* Debug */,
				D09CED552FCC99210017A5DA /* Release */,
			);
			defaultConfigurationIsVisible = 0;
			defaultConfigurationName = Release;
		};
/* End XCConfigurationList section */
	};
	rootObject = D09CED222FCC991A0017A5DA /* Project object */;
}
